
Microsoft Visual Studio Solution File, Format Version 12.00
# Visual Studio Version 17
VisualStudioVersion = 17.0.32126.317
MinimumVisualStudioVersion = 10.0.40219.1
Project("{FAE04EC0-301F-11D3-BF4B-00C04F79EFBC}") = "ProjBubbleSort", "ProjBubbleSort.csproj", "{F995CD4A-F938-4A49-B424-095F03D252E4}"
EndProject
Global
	GlobalSection(SolutionConfigurationPlatforms) = preSolution
		Debug|Any CPU = Debug|Any CPU
		Release|Any CPU = Release|Any CPU
	EndGlobalSection
	GlobalSection(ProjectConfigurationPlatforms) = postSolution
		{F995CD4A-F938-4A49-B424-095F03D252E4}.Debug|Any CPU.ActiveCfg = Debug|Any CPU
		{F995CD4A-F938-4A49-B424-095F03D252E4}.Debug|Any CPU.Build.0 = Debug|Any CPU
		{F995CD4A-F938-4A49-B424-095F03D252E4}.Release|Any CPU.ActiveCfg = Release|Any CPU
		{F995CD4A-F938-4A49-B424-095F03D252E4}.Release|Any CPU.Build.0 = Release|Any CPU
	EndGlobalSection
	GlobalSection(SolutionProperties) = preSolution
		HideSolutionNode = FALSE
	EndGlobalSection
	GlobalSection(ExtensibilityGlobals) = postSolution
		SolutionGuid = {25449298-613B-4BF7-9660-25A0E32A34C1}
	EndGlobalSection
EndGlobal
